// !$*UTF8*$!
{
	archiveVersion = 1;
	classes = {
	};
	objectVersion = 56;
	objects = {

/* Begin PBXBuildFile section */
		7312687C2C64044A00E4623B /* AppDelegate.swift in Sources */ = {isa = PBXBuildFile; fileRef = 7312687B2C64044A00E4623B /* AppDelegate.swift */; };
		7312687E2C64044A00E4623B /* SceneDelegate.swift in Sources */ = {isa = PBXBuildFile; fileRef = 7312687D2C64044A00E4623B /* SceneDelegate.swift */; };
		731268802C64044A00E4623B /* MainViewController.swift in Sources */ = {isa = PBXBuildFile; fileRef = 7312687F2C64044A00E4623B /* MainViewController.swift */; };
		731268832C64044A00E4623B /* Base in Resources */ = {isa = PBXBuildFile; fileRef = 731268822C64044A00E4623B /* Base */; };
		731268852C64044B00E4623B /* Assets.xcassets in Resources */ = {isa = PBXBuildFile; fileRef = 731268842C64044B00E4623B /* Assets.xcassets */; };
		731268882C64044B00E4623B /* Base in Resources */ = {isa = PBXBuildFile; fileRef = 731268872C64044B00E4623B /* Base */; };
		73321D672CADCB8B00EDD466 /* Extensions.swift in Sources */ = {isa = PBXBuildFile; fileRef = 73321D662CADCB7D00EDD466 /* Extensions.swift */; };
		73321D6C2CB1242800EDD466 /* QuizView.swift in Sources */ = {isa = PBXBuildFile; fileRef = 73321D6B2CB1242800EDD466 /* QuizView.swift */; };
		73321D702CB12F4B00EDD466 /* Question.swift in Sources */ = {isa = PBXBuildFile; fileRef = 73321D6F2CB12F3F00EDD466 /* Question.swift */; };
		73434B242C9D8861009DEBE6 /* QuizViewController.swift in Sources */ = {isa = PBXBuildFile; fileRef = 73434B232C9D8861009DEBE6 /* QuizViewController.swift */; };
		73C9A7B92C9C7DF1007E6AFC /* MainView.swift in Sources */ = {isa = PBXBuildFile; fileRef = 73C9A7B82C9C7DDC007E6AFC /* MainView.swift */; };
/* End PBXBuildFile section */

/* Begin PBXFileReference section */
		731268782C64044A00E4623B /* MarkQuizz.app */ = {isa = PBXFileReference; explicitFileType = wrapper.application; includeInIndex = 0; path = MarkQuizz.app; sourceTree = BUILT_PRODUCTS_DIR; };
		7312687B2C64044A00E4623B /* AppDelegate.swift */ = {isa = PBXFileReference; lastKnownFileType = sourcecode.swift; path = AppDelegate.swift; sourceTree = "<group>"; };
		7312687D2C64044A00E4623B /* SceneDelegate.swift */ = {isa = PBXFileReference; lastKnownFileType = sourcecode.swift; path = SceneDelegate.swift; sourceTree = "<group>"; };
		7312687F2C64044A00E4623B /* MainViewController.swift */ = {isa = PBXFileReference; lastKnownFileType = sourcecode.swift; path = MainViewController.swift; sourceTree = "<group>"; };
		731268822C64044A00E4623B /* Base */ = {isa = PBXFileReference; lastKnownFileType = file.storyboard; name = Base; path = Base.lproj/Main.storyboard; sourceTree = "<group>"; };
		731268842C64044B00E4623B /* Assets.xcassets */ = {isa = PBXFileReference; lastKnownFileType = folder.assetcatalog; path = Assets.xcassets; sourceTree = "<group>"; };
		731268872C64044B00E4623B /* Base */ = {isa = PBXFileReference; lastKnownFileType = file.storyboard; name = Base; path = Base.lproj/LaunchScreen.storyboard; sourceTree = "<group>"; };
		731268892C64044B00E4623B /* Info.plist */ = {isa = PBXFileReference; lastKnownFileType = text.plist.xml; path = Info.plist; sourceTree = "<group>"; };
		73321D662CADCB7D00EDD466 /* Extensions.swift */ = {isa = PBXFileReference; lastKnownFileType = sourcecode.swift; path = Extensions.swift; sourceTree = "<group>"; };
		73321D6B2CB1242800EDD466 /* QuizView.swift */ = {isa = PBXFileReference; lastKnownFileType = sourcecode.swift; path = QuizView.swift; sourceTree = "<group>"; };
		73321D6F2CB12F3F00EDD466 /* Question.swift */ = {isa = PBXFileReference; lastKnownFileType = sourcecode.swift; path = Question.swift; sourceTree = "<group>"; };
		73434B232C9D8861009DEBE6 /* QuizViewController.swift */ = {isa = PBXFileReference; lastKnownFileType = sourcecode.swift; path = QuizViewController.swift; sourceTree = "<group>"; };
		73C9A7B82C9C7DDC007E6AFC /* MainView.swift */ = {isa = PBXFileReference; lastKnownFileType = sourcecode.swift; path = MainView.swift; sourceTree = "<group>"; };
/* End PBXFileReference section */

/* Begin PBXFrameworksBuildPhase section */
		731268752C64044A00E4623B /* Frameworks */ = {
			isa = PBXFrameworksBuildPhase;
			buildActionMask = 2147483647;
			files = (
			);
			runOnlyForDeploymentPostprocessing = 0;
		};
/* End PBXFrameworksBuildPhase section */

/* Begin PBXGroup section */
		7312686F2C64044A00E4623B = {
			isa = PBXGroup;
			children = (
				7312687A2C64044A00E4623B /* MarkQuizz */,
				731268792C64044A00E4623B /* Products */,
			);
			sourceTree = "<group>";
		};
		731268792C64044A00E4623B /* Products */ = {
			isa = PBXGroup;
			children = (
				731268782C64044A00E4623B /* MarkQuizz.app */,
			);
			name = Products;
			sourceTree = "<group>";
		};
		7312687A2C64044A00E4623B /* MarkQuizz */ = {
			isa = PBXGroup;
			children = (
				73C9A7B62C9C7CD7007E6AFC /* MainView1 */,
				7312687B2C64044A00E4623B /* AppDelegate.swift */,
				73321D662CADCB7D00EDD466 /* Extensions.swift */,
				7312687D2C64044A00E4623B /* SceneDelegate.swift */,
				731268812C64044A00E4623B /* Main.storyboard */,
				731268842C64044B00E4623B /* Assets.xcassets */,
				731268862C64044B00E4623B /* LaunchScreen.storyboard */,
				731268892C64044B00E4623B /* Info.plist */,
			);
			path = MarkQuizz;
			sourceTree = "<group>";
		};
		73C9A7B62C9C7CD7007E6AFC /* MainView1 */ = {
			isa = PBXGroup;
			children = (
				7312687F2C64044A00E4623B /* MainViewController.swift */,
				73C9A7B82C9C7DDC007E6AFC /* MainView.swift */,
				73C9A7B72C9C7D5F007E6AFC /* SecondView */,
			);
			path = MainView1;
			sourceTree = "<group>";
		};
		73C9A7B72C9C7D5F007E6AFC /* SecondView */ = {
			isa = PBXGroup;
			children = (
				73434B232C9D8861009DEBE6 /* QuizViewController.swift */,
				73321D6B2CB1242800EDD466 /* QuizView.swift */,
				73321D6F2CB12F3F00EDD466 /* Question.swift */,
			);
			path = SecondView;
			sourceTree = "<group>";
		};
/* End PBXGroup section */

/* Begin PBXNativeTarget section */
		731268772C64044A00E4623B /* MarkQuizz */ = {
			isa = PBXNativeTarget;
			buildConfigurationList = 7312688C2C64044B00E4623B /* Build configuration list for PBXNativeTarget "MarkQuizz" */;
			buildPhases = (
				731268742C64044A00E4623B /* Sources */,
				731268752C64044A00E4623B /* Frameworks */,
				731268762C64044A00E4623B /* Resources */,
			);
			buildRules = (
			);
			dependencies = (
			);
			name = MarkQuizz;
			productName = MarkQuizz;
			productReference = 731268782C64044A00E4623B /* MarkQuizz.app */;
			productType = "com.apple.product-type.application";
		};
/* End PBXNativeTarget section */

/* Begin PBXProject section */
		731268702C64044A00E4623B /* Project object */ = {
			isa = PBXProject;
			attributes = {
				BuildIndependentTargetsInParallel = 1;
				LastSwiftUpdateCheck = 1540;
				LastUpgradeCheck = 1540;
				TargetAttributes = {
					731268772C64044A00E4623B = {
						CreatedOnToolsVersion = 15.4;
					};
				};
			};
			buildConfigurationList = 731268732C64044A00E4623B /* Build configuration list for PBXProject "MarkQuizz" */;
			compatibilityVersion = "Xcode 14.0";
			developmentRegion = en;
			hasScannedForEncodings = 0;
			knownRegions = (
				en,
				Base,
			);
			mainGroup = 7312686F2C64044A00E4623B;
			productRefGroup = 731268792C64044A00E4623B /* Products */;
			projectDirPath = "";
			projectRoot = "";
			targets = (
				731268772C64044A00E4623B /* MarkQuizz */,
			);
		};
/* End PBXProject section */

/* Begin PBXResourcesBuildPhase section */
		731268762C64044A00E4623B /* Resources */ = {
			isa = PBXResourcesBuildPhase;
			buildActionMask = 2147483647;
			files = (
				731268852C64044B00E4623B /* Assets.xcassets in Resources */,
				731268882C64044B00E4623B /* Base in Resources */,
				731268832C64044A00E4623B /* Base in Resources */,
			);
			runOnlyForDeploymentPostprocessing = 0;
		};
/* End PBXResourcesBuildPhase section */

/* Begin PBXSourcesBuildPhase section */
		731268742C64044A00E4623B /* Sources */ = {
			isa = PBXSourcesBuildPhase;
			buildActionMask = 2147483647;
			files = (
				731268802C64044A00E4623B /* MainViewController.swift in Sources */,
				73321D672CADCB8B00EDD466 /* Extensions.swift in Sources */,
				73321D702CB12F4B00EDD466 /* Question.swift in Sources */,
				7312687C2C64044A00E4623B /* AppDelegate.swift in Sources */,
				7312687E2C64044A00E4623B /* SceneDelegate.swift in Sources */,
				73321D6C2CB1242800EDD466 /* QuizView.swift in Sources */,
				73434B242C9D8861009DEBE6 /* QuizViewController.swift in Sources */,
				73C9A7B92C9C7DF1007E6AFC /* MainView.swift in Sources */,
			);
			runOnlyForDeploymentPostprocessing = 0;
		};
/* End PBXSourcesBuildPhase section */

/* Begin PBXVariantGroup section */
		731268812C64044A00E4623B /* Main.storyboard */ = {
			isa = PBXVariantGroup;
			children = (
				731268822C64044A00E4623B /* Base */,
			);
			name = Main.storyboard;
			sourceTree = "<group>";
		};
		731268862C64044B00E4623B /* LaunchScreen.storyboard */ = {
			isa = PBXVariantGroup;
			children = (
				731268872C64044B00E4623B /* Base */,
			);
			name = LaunchScreen.storyboard;
			sourceTree = "<group>";
		};
/* End PBXVariantGroup section */

/* Begin XCBuildConfiguration section */
		7312688A2C64044B00E4623B /* Debug */ = {
			isa = XCBuildConfiguration;
			buildSettings = {
				ALWAYS_SEARCH_USER_PATHS = NO;
				ASSETCATALOG_COMPILER_GENERATE_SWIFT_ASSET_SYMBOL_EXTENSIONS = YES;
				CLANG_ANALYZER_NONNULL = YES;
				CLANG_ANALYZER_NUMBER_OBJECT_CONVERSION = YES_AGGRESSIVE;
				CLANG_CXX_LANGUAGE_STANDARD = "gnu++20";
				CLANG_ENABLE_MODULES = YES;
				CLANG_ENABLE_OBJC_ARC = YES;
				CLANG_ENABLE_OBJC_WEAK = YES;
				CLANG_WARN_BLOCK_CAPTURE_AUTORELEASING = YES;
				CLANG_WARN_BOOL_CONVERSION = YES;
				CLANG_WARN_COMMA = YES;
				CLANG_WARN_CONSTANT_CONVERSION = YES;
				CLANG_WARN_DEPRECATED_OBJC_IMPLEMENTATIONS = YES;
				CLANG_WARN_DIRECT_OBJC_ISA_USAGE = YES_ERROR;
				CLANG_WARN_DOCUMENTATION_COMMENTS = YES;
				CLANG_WARN_EMPTY_BODY = YES;
				CLANG_WARN_ENUM_CONVERSION = YES;
				CLANG_WARN_INFINITE_RECURSION = YES;
				CLANG_WARN_INT_CONVERSION = YES;
				CLANG_WARN_NON_LITERAL_NULL_CONVERSION = YES;
				CLANG_WARN_OBJC_IMPLICIT_RETAIN_SELF = YES;
				CLANG_WARN_OBJC_LITERAL_CONVERSION = YES;
				CLANG_WARN_OBJC_ROOT_CLASS = YES_ERROR;
				CLANG_WARN_QUOTED_INCLUDE_IN_FRAMEWORK_HEADER = YES;
				CLANG_WARN_RANGE_LOOP_ANALYSIS = YES;
				CLANG_WARN_STRICT_PROTOTYPES = YES;
				CLANG_WARN_SUSPICIOUS_MOVE = YES;
				CLANG_WARN_UNGUARDED_AVAILABILITY = YES_AGGRESSIVE;
				CLANG_WARN_UNREACHABLE_CODE = YES;
				CLANG_WARN__DUPLICATE_METHOD_MATCH = YES;
				COPY_PHASE_STRIP = NO;
				DEBUG_INFORMATION_FORMAT = dwarf;
				ENABLE_STRICT_OBJC_MSGSEND = YES;
				ENABLE_TESTABILITY = YES;
				ENABLE_USER_SCRIPT_SANDBOXING = YES;
				GCC_C_LANGUAGE_STANDARD = gnu17;
				GCC_DYNAMIC_NO_PIC = NO;
				GCC_NO_COMMON_BLOCKS = YES;
				GCC_OPTIMIZATION_LEVEL = 0;
				GCC_PREPROCESSOR_DEFINITIONS = (
					"DEBUG=1",
					"$(inherited)",
				);
				GCC_WARN_64_TO_32_BIT_CONVERSION = YES;
				GCC_WARN_ABOUT_RETURN_TYPE = YES_ERROR;
				GCC_WARN_UNDECLARED_SELECTOR = YES;
				GCC_WARN_UNINITIALIZED_AUTOS = YES_AGGRESSIVE;
				GCC_WARN_UNUSED_FUNCTION = YES;
				GCC_WARN_UNUSED_VARIABLE = YES;
				IPHONEOS_DEPLOYMENT_TARGET = 17.5;
				LOCALIZATION_PREFERS_STRING_CATALOGS = YES;
				MTL_ENABLE_DEBUG_INFO = INCLUDE_SOURCE;
				MTL_FAST_MATH = YES;
				ONLY_ACTIVE_ARCH = YES;
				SDKROOT = iphoneos;
				SWIFT_ACTIVE_COMPILATION_CONDITIONS = "DEBUG $(inherited)";
				SWIFT_OPTIMIZATION_LEVEL = "-Onone";
			};
			name = Debug;
		};
		7312688B2C64044B00E4623B /* Release */ = {
			isa = XCBuildConfiguration;
			buildSettings = {
				ALWAYS_SEARCH_USER_PATHS = NO;
				ASSETCATALOG_COMPILER_GENERATE_SWIFT_ASSET_SYMBOL_EXTENSIONS = YES;
				CLANG_ANALYZER_NONNULL = YES;
				CLANG_ANALYZER_NUMBER_OBJECT_CONVERSION = YES_AGGRESSIVE;
				CLANG_CXX_LANGUAGE_STANDARD = "gnu++20";
				CLANG_ENABLE_MODULES = YES;
				CLANG_ENABLE_OBJC_ARC = YES;
				CLANG_ENABLE_OBJC_WEAK = YES;
				CLANG_WARN_BLOCK_CAPTURE_AUTORELEASING = YES;
				CLANG_WARN_BOOL_CONVERSION = YES;
				CLANG_WARN_COMMA = YES;
				CLANG_WARN_CONSTANT_CONVERSION = YES;
				CLANG_WARN_DEPRECATED_OBJC_IMPLEMENTATIONS = YES;
				CLANG_WARN_DIRECT_OBJC_ISA_USAGE = YES_ERROR;
				CLANG_WARN_DOCUMENTATION_COMMENTS = YES;
				CLANG_WARN_EMPTY_BODY = YES;
				CLANG_WARN_ENUM_CONVERSION = YES;
				CLANG_WARN_INFINITE_RECURSION = YES;
				CLANG_WARN_INT_CONVERSION = YES;
				CLANG_WARN_NON_LITERAL_NULL_CONVERSION = YES;
				CLANG_WARN_OBJC_IMPLICIT_RETAIN_SELF = YES;
				CLANG_WARN_OBJC_LITERAL_CONVERSION = YES;
				CLANG_WARN_OBJC_ROOT_CLASS = YES_ERROR;
				CLANG_WARN_QUOTED_INCLUDE_IN_FRAMEWORK_HEADER = YES;
				CLANG_WARN_RANGE_LOOP_ANALYSIS = YES;
				CLANG_WARN_STRICT_PROTOTYPES = YES;
				CLANG_WARN_SUSPICIOUS_MOVE = YES;
				CLANG_WARN_UNGUARDED_AVAILABILITY = YES_AGGRESSIVE;
				CLANG_WARN_UNREACHABLE_CODE = YES;
				CLANG_WARN__DUPLICATE_METHOD_MATCH = YES;
				COPY_PHASE_STRIP = NO;
				DEBUG_INFORMATION_FORMAT = "dwarf-with-dsym";
				ENABLE_NS_ASSERTIONS = NO;
				ENABLE_STRICT_OBJC_MSGSEND = YES;
				ENABLE_USER_SCRIPT_SANDBOXING = YES;
				GCC_C_LANGUAGE_STANDARD = gnu17;
				GCC_NO_COMMON_BLOCKS = YES;
				GCC_WARN_64_TO_32_BIT_CONVERSION = YES;
				GCC_WARN_ABOUT_RETURN_TYPE = YES_ERROR;
				GCC_WARN_UNDECLARED_SELECTOR = YES;
				GCC_WARN_UNINITIALIZED_AUTOS = YES_AGGRESSIVE;
				GCC_WARN_UNUSED_FUNCTION = YES;
				GCC_WARN_UNUSED_VARIABLE = YES;
				IPHONEOS_DEPLOYMENT_TARGET = 17.5;
				LOCALIZATION_PREFERS_STRING_CATALOGS = YES;
				MTL_ENABLE_DEBUG_INFO = NO;
				MTL_FAST_MATH = YES;
				SDKROOT = iphoneos;
				SWIFT_COMPILATION_MODE = wholemodule;
				VALIDATE_PRODUCT = YES;
			};
			name = Release;
		};
		7312688D2C64044B00E4623B /* Debug */ = {
			isa = XCBuildConfiguration;
			buildSettings = {
				ASSETCATALOG_COMPILER_APPICON_NAME = AppIcon;
				ASSETCATALOG_COMPILER_GLOBAL_ACCENT_COLOR_NAME = AccentColor;
				CODE_SIGN_STYLE = Automatic;
				CURRENT_PROJECT_VERSION = 1;
				DEVELOPMENT_TEAM = NG6V3TAWGU;
				GENERATE_INFOPLIST_FILE = YES;
				INFOPLIST_FILE = MarkQuizz/Info.plist;
				INFOPLIST_KEY_UIApplicationSupportsIndirectInputEvents = YES;
				INFOPLIST_KEY_UILaunchStoryboardName = LaunchScreen;
				INFOPLIST_KEY_UIMainStoryboardFile = Main;
				INFOPLIST_KEY_UISupportedInterfaceOrientations_iPad = "UIInterfaceOrientationPortrait UIInterfaceOrientationPortraitUpsideDown UIInterfaceOrientationLandscapeLeft UIInterfaceOrientationLandscapeRight";
				INFOPLIST_KEY_UISupportedInterfaceOrientations_iPhone = "UIInterfaceOrientationPortrait UIInterfaceOrientationLandscapeLeft UIInterfaceOrientationLandscapeRight";
				LD_RUNPATH_SEARCH_PATHS = (
					"$(inherited)",
					"@executable_path/Frameworks",
				);
				MARKETING_VERSION = 1.0;
				PRODUCT_BUNDLE_IDENTIFIER = mafurman.MarkQuizz;
				PRODUCT_NAME = "$(TARGET_NAME)";
				SWIFT_EMIT_LOC_STRINGS = YES;
				SWIFT_VERSION = 5.0;
				TARGETED_DEVICE_FAMILY = "1,2";
			};
			name = Debug;
		};
		7312688E2C64044B00E4623B /* Release */ = {
			isa = XCBuildConfiguration;
			buildSettings = {
				ASSETCATALOG_COMPILER_APPICON_NAME = AppIcon;
				ASSETCATALOG_COMPILER_GLOBAL_ACCENT_COLOR_NAME = AccentColor;
				CODE_SIGN_STYLE = Automatic;
				CURRENT_PROJECT_VERSION = 1;
				DEVELOPMENT_TEAM = NG6V3TAWGU;
				GENERATE_INFOPLIST_FILE = YES;
				INFOPLIST_FILE = MarkQuizz/Info.plist;
				INFOPLIST_KEY_UIApplicationSupportsIndirectInputEvents = YES;
				INFOPLIST_KEY_UILaunchStoryboardName = LaunchScreen;
				INFOPLIST_KEY_UIMainStoryboardFile = Main;
				INFOPLIST_KEY_UISupportedInterfaceOrientations_iPad = "UIInterfaceOrientationPortrait UIInterfaceOrientationPortraitUpsideDown UIInterfaceOrientationLandscapeLeft UIInterfaceOrientationLandscapeRight";
				INFOPLIST_KEY_UISupportedInterfaceOrientations_iPhone = "UIInterfaceOrientationPortrait UIInterfaceOrientationLandscapeLeft UIInterfaceOrientationLandscapeRight";
				LD_RUNPATH_SEARCH_PATHS = (
					"$(inherited)",
					"@executable_path/Frameworks",
				);
				MARKETING_VERSION = 1.0;
				PRODUCT_BUNDLE_IDENTIFIER = mafurman.MarkQuizz;
				PRODUCT_NAME = "$(TARGET_NAME)";
				SWIFT_EMIT_LOC_STRINGS = YES;
				SWIFT_VERSION = 5.0;
				TARGETED_DEVICE_FAMILY = "1,2";
			};
			name = Release;
		};
/* End XCBuildConfiguration section */

/* Begin XCConfigurationList section */
		731268732C64044A00E4623B /* Build configuration list for PBXProject "MarkQuizz" */ = {
			isa = XCConfigurationList;
			buildConfigurations = (
				7312688A2C64044B00E4623B /* Debug */,
				7312688B2C64044B00E4623B /* Release */,
			);
			defaultConfigurationIsVisible = 0;
			defaultConfigurationName = Release;
		};
		7312688C2C64044B00E4623B /* Build configuration list for PBXNativeTarget "MarkQuizz" */ = {
			isa = XCConfigurationList;
			buildConfigurations = (
				7312688D2C64044B00E4623B /* Debug */,
				7312688E2C64044B00E4623B /* Release */,
			);
			defaultConfigurationIsVisible = 0;
			defaultConfigurationName = Release;
		};
/* End XCConfigurationList section */
	};
	rootObject = 731268702C64044A00E4623B /* Project object */;
}
